[bus]
path = "../../../wasmcloud/wit/"
sha256 = "ce377003682dded4dcf546439471b4e84116a7c71989eac2f35ea70016514dc1"
sha512 = "a08fbb40056cba3665165703b56e133e913dce8c69cef3a97aa95fefb90827e997fb1a6145f0ab04c307f302c2d7abe4b22067120e1cfb2634ad40e87585aeeb"
deps = ["poll"]

[io]
path = "../../wit/overrides/io"
sha256 = "b66d2be1af7030cdeb994eb1183fefa25d43afe9e2243398e63e7c372226fafa"
sha512 = "95d7a92f2831c94fc993a9d3267485f8ed8b4ed89a6da7cf7eabd1dea279f64aa2c6e1c82b01beb91a0ad25ae4f0610af972e2b4e4c503063ba87f890814b8fa"

[logging]
sha256 = "5a53c168c502ff4a9c6890ecfbb2a916cd2a51be7a04aca343d467022dfa92b8"
sha512 = "f7a3ac786ca7bdbc4f203a448e6991e0cdd43f739c41a8b4a4a382570df138fb6fadc9ac00bf36e18828c37503aefb72f7c731c7faf5f160ff2a8b85824d0774"

[messaging]
sha256 = "16f1c883f6b79055661856cce80c5b8fbe5a2a2418eb9505f888b305f769c3e9"
sha512 = "22b12e6c3ba11f715d9f603e8bf959e5fdc8d6fb5b80cb2e029ad7715ef59567e13026b3d7e4e0708f25cb09f8e9d3dcb36b778e66590c8ee982c796ca480f9d"

[messaging-wasifill]
path = "../../wit/"
sha256 = "a95774a8762bd7797314b4cd1dadc2bbf459f0dfec9d05b5b1ffa6d8a82b239e"
sha512 = "ca12f3e8f9c539955b955e2c1af50a42adab7d77f72143a69ffb342b0bc95822d6f4bae23b9cdc4e03ffdcd790d50af349e4e9de131f40473389dc82a235ca77"
deps = ["logging", "messaging", "poll", "wasmcloud-core"]

[poll]
sha256 = "d4c27124f4c137eb538b5c92ba5858ed9042e11b24a2eef85d14becd0b7f55de"
sha512 = "422c01b273b4b1377ece6f2e4ba0dfc609ca8ef30a3e0be0e172e1303fcf7b3ca4c470f4dea6c51bdf114b0f5c871ebc4934dfe3bf217d66ea689748df2b1e55"

[wasmcloud-core]
sha256 = "90fe0091c07b4029f7a818ac99716da7ebb42352b95b530ee28912bc68fa146d"
sha512 = "1203cc4b729f72cddd1a6abe61ba6b8c4fe14198693ea9d6e72b3e6920812ffceeb62c442cbe34cb3d5002dc37e865b355dbfe3319c1cf84d539f61dbc4cf706"
