[bus]
path = "../../../wasmcloud/wit/"
sha256 = "ce377003682dded4dcf546439471b4e84116a7c71989eac2f35ea70016514dc1"
sha512 = "a08fbb40056cba3665165703b56e133e913dce8c69cef3a97aa95fefb90827e997fb1a6145f0ab04c307f302c2d7abe4b22067120e1cfb2634ad40e87585aeeb"
deps = ["poll"]

[io]
path = "../../wit/overrides/io"
sha256 = "b66d2be1af7030cdeb994eb1183fefa25d43afe9e2243398e63e7c372226fafa"
sha512 = "95d7a92f2831c94fc993a9d3267485f8ed8b4ed89a6da7cf7eabd1dea279f64aa2c6e1c82b01beb91a0ad25ae4f0610af972e2b4e4c503063ba87f890814b8fa"

[logging]
sha256 = "5a53c168c502ff4a9c6890ecfbb2a916cd2a51be7a04aca343d467022dfa92b8"
sha512 = "f7a3ac786ca7bdbc4f203a448e6991e0cdd43f739c41a8b4a4a382570df138fb6fadc9ac00bf36e18828c37503aefb72f7c731c7faf5f160ff2a8b85824d0774"

[messaging]
sha256 = "5c8c9f07998815ec29c83ef0842cc6b68bcb2c2674e54651440022fbd06b5e2e"
sha512 = "39957744b04bfe682fce425519519f068b118d9da31949f4de7cafc3c7de484e3bc64c5a70d2ee35cab83be60d9aaef2866c9e5fd782b926c47d7a92c4fe01f3"

[messaging-wasifill]
path = "../../wit/"
sha256 = "0d4420b3ad18e0fe5128299ab3d9c8c17c83d3eb99cd62822366f13f98e0bf9e"
sha512 = "f7c950cc88906d3b58cb8b8b84d1051b71f25e1b6b5482c671bcda1136855eae7a0a63a437c9bc9c50a31b4083cec60a7552749f076d707d51eb4dc931747ba8"
deps = ["logging", "messaging", "poll", "wasmcloud-core"]

[poll]
sha256 = "d4c27124f4c137eb538b5c92ba5858ed9042e11b24a2eef85d14becd0b7f55de"
sha512 = "422c01b273b4b1377ece6f2e4ba0dfc609ca8ef30a3e0be0e172e1303fcf7b3ca4c470f4dea6c51bdf114b0f5c871ebc4934dfe3bf217d66ea689748df2b1e55"

[wasmcloud-core]
sha256 = "fb5be7c69a8ee2fe72430e80e12ad0c717d9741fb3ae2dfeff2883402e33c79e"
sha512 = "3344d7505ab3f2b7bb5222f3be094d8b72665c049ebaaab0bd541a260a72e444768dca1aa752e596f8a2a5a7f093316560541fbfbf6acb583e4a75a693caaa9a"
