[bus]
path = "../../../wasmcloud/wit/"
sha256 = "e81636a6229a2c1204ca888963e8c0a745f6d448e74166b9d047ef33c00e415d"
sha512 = "ff6fdf3f4e5f77c8412e0a5aa193afc748c217a74dd60cb88c6d142741021d8428bbefb367c1c4fe7cb0bf432f21fe0b7ec273caaef4355dca8b918255ce0c63"
deps = ["poll"]

[io]
path = "./overrides/io/"
sha256 = "cc37ca225c926abbb4c53455028de3416354b5b2685b2070bb0660f2abb940ca"
sha512 = "759d7fbaebde8c0d0a2062bcaded3f6d7a3cbbae419ed9d3bd5d180d185f601ede17e87b7c9d765fa31aacb6d0495fb635b1a13a3ee2d09e6f00425c4995c818"

[logging]
sha256 = "5a53c168c502ff4a9c6890ecfbb2a916cd2a51be7a04aca343d467022dfa92b8"
sha512 = "f7a3ac786ca7bdbc4f203a448e6991e0cdd43f739c41a8b4a4a382570df138fb6fadc9ac00bf36e18828c37503aefb72f7c731c7faf5f160ff2a8b85824d0774"

[messaging]
path = "../../messaging/"
sha256 = "7f2acea6573e3163d3fa1f8d267f059d1b0a846ed3108a627eb2cc35dc7dfdf0"
sha512 = "f488455dbddc189a784606805c42777dd33d9bce27a7ab54fd1e0745d92b7c488a7eac9b44f74a6816205f05a55c7a11124aca58bcdce617dd1daf1c451a1253"

[poll]
sha256 = "d4c27124f4c137eb538b5c92ba5858ed9042e11b24a2eef85d14becd0b7f55de"
sha512 = "422c01b273b4b1377ece6f2e4ba0dfc609ca8ef30a3e0be0e172e1303fcf7b3ca4c470f4dea6c51bdf114b0f5c871ebc4934dfe3bf217d66ea689748df2b1e55"

[wasmcloud-core]
path = "../../../wasmcloud/crates/provider-sdk/wit/"
sha256 = "2ef852b8b064b692c34714c8d95b1981493e6d48bd0836dcf661f3bc1f291d72"
sha512 = "781f64f0a1206f8a200cc17e5dffb0a151a6d4fab64f29f518a00648586f870adc26d23c818edc148a1b541af9af2b8fdcf7f18a20243a08f5b5c39e655bdcef"
deps = ["logging"]
