[bus]
path = "../../wasmcloud/wit/"
sha256 = "ce377003682dded4dcf546439471b4e84116a7c71989eac2f35ea70016514dc1"
sha512 = "a08fbb40056cba3665165703b56e133e913dce8c69cef3a97aa95fefb90827e997fb1a6145f0ab04c307f302c2d7abe4b22067120e1cfb2634ad40e87585aeeb"
deps = ["poll"]

[io]
path = "./overrides/io/"
sha256 = "b66d2be1af7030cdeb994eb1183fefa25d43afe9e2243398e63e7c372226fafa"
sha512 = "95d7a92f2831c94fc993a9d3267485f8ed8b4ed89a6da7cf7eabd1dea279f64aa2c6e1c82b01beb91a0ad25ae4f0610af972e2b4e4c503063ba87f890814b8fa"

[logging]
sha256 = "5a53c168c502ff4a9c6890ecfbb2a916cd2a51be7a04aca343d467022dfa92b8"
sha512 = "f7a3ac786ca7bdbc4f203a448e6991e0cdd43f739c41a8b4a4a382570df138fb6fadc9ac00bf36e18828c37503aefb72f7c731c7faf5f160ff2a8b85824d0774"

[messaging]
path = "../messaging/"
sha256 = "71f28d2cf49e48d8d5798689c57c8dee6c4513ae425008facefbe1a4e927afa5"
sha512 = "fa5860acf6c375b42debc0f8e1e686f7b26f0f64c2ab425963cc7d21cf4b24ca2a93a1b3ef58aba7f9e06edf1c515b8a16e53381d04e78a758a254eeab6b4d3e"

[poll]
sha256 = "d4c27124f4c137eb538b5c92ba5858ed9042e11b24a2eef85d14becd0b7f55de"
sha512 = "422c01b273b4b1377ece6f2e4ba0dfc609ca8ef30a3e0be0e172e1303fcf7b3ca4c470f4dea6c51bdf114b0f5c871ebc4934dfe3bf217d66ea689748df2b1e55"

[wasmcloud-core]
path = "../../wasmcloud/crates/provider-sdk/wit/"
sha256 = "2ef852b8b064b692c34714c8d95b1981493e6d48bd0836dcf661f3bc1f291d72"
sha512 = "781f64f0a1206f8a200cc17e5dffb0a151a6d4fab64f29f518a00648586f870adc26d23c818edc148a1b541af9af2b8fdcf7f18a20243a08f5b5c39e655bdcef"
deps = ["logging"]
